
Microsoft Visual Studio Solution File, Format Version 12.00
# Visual Studio Version 16
VisualStudioVersion = 16.0.31613.86
MinimumVisualStudioVersion = 10.0.40219.1
Project("{FAE04EC0-301F-11D3-BF4B-00C04F79EFBC}") = "Clase8sep", "Clase8sep\Clase8sep.csproj", "{F334EC4B-E5DE-45A6-A659-0D975F44DDA1}"
EndProject
Global
	GlobalSection(SolutionConfigurationPlatforms) = preSolution
		Debug|Any CPU = Debug|Any CPU
		Release|Any CPU = Release|Any CPU
	EndGlobalSection
	GlobalSection(ProjectConfigurationPlatforms) = postSolution
		{F334EC4B-E5DE-45A6-A659-0D975F44DDA1}.Debug|Any CPU.ActiveCfg = Debug|Any CPU
		{F334EC4B-E5DE-45A6-A659-0D975F44DDA1}.Debug|Any CPU.Build.0 = Debug|Any CPU
		{F334EC4B-E5DE-45A6-A659-0D975F44DDA1}.Release|Any CPU.ActiveCfg = Release|Any CPU
		{F334EC4B-E5DE-45A6-A659-0D975F44DDA1}.Release|Any CPU.Build.0 = Release|Any CPU
	EndGlobalSection
	GlobalSection(SolutionProperties) = preSolution
		HideSolutionNode = FALSE
	EndGlobalSection
	GlobalSection(ExtensibilityGlobals) = postSolution
		SolutionGuid = {1029F771-874A-4F42-9B65-6F4483C74389}
	EndGlobalSection
EndGlobal
